
Microsoft Visual Studio Solution File, Format Version 12.00
# Visual Studio Version 16
VisualStudioVersion = 16.0.31911.196
MinimumVisualStudioVersion = 10.0.40219.1
Project("{FAE04EC0-301F-11D3-BF4B-00C04F79EFBC}") = "CreatioAppsConfig", "CreatioAppsConfig\CreatioAppsConfig.csproj", "{A13C7802-9B16-4CCD-9070-69C72F59DFF0}"
EndProject
Global
	GlobalSection(SolutionConfigurationPlatforms) = preSolution
		Debug|Any CPU = Debug|Any CPU
		Release|Any CPU = Release|Any CPU
	EndGlobalSection
	GlobalSection(ProjectConfigurationPlatforms) = postSolution
		{A13C7802-9B16-4CCD-9070-69C72F59DFF0}.Debug|Any CPU.ActiveCfg = Debug|Any CPU
		{A13C7802-9B16-4CCD-9070-69C72F59DFF0}.Debug|Any CPU.Build.0 = Debug|Any CPU
		{A13C7802-9B16-4CCD-9070-69C72F59DFF0}.Release|Any CPU.ActiveCfg = Release|Any CPU
		{A13C7802-9B16-4CCD-9070-69C72F59DFF0}.Release|Any CPU.Build.0 = Release|Any CPU
	EndGlobalSection
	GlobalSection(SolutionProperties) = preSolution
		HideSolutionNode = FALSE
	EndGlobalSection
	GlobalSection(ExtensibilityGlobals) = postSolution
		SolutionGuid = {9156C450-1930-44E2-9045-ABC1F9986B51}
	EndGlobalSection
EndGlobal
