
Microsoft Visual Studio Solution File, Format Version 12.00
# Visual Studio Version 16
VisualStudioVersion = 16.0.31911.196
MinimumVisualStudioVersion = 10.0.40219.1
Project("{9A19103F-16F7-4668-BE54-9A1E7A4F7556}") = "CreatioAppsConfig", "CreatioAppsConfig\CreatioAppsConfig.csproj", "{A13C7802-9B16-4CCD-9070-69C72F59DFF0}"
EndProject
Project("{2150E333-8FDC-42A3-9474-1A3956D46DE8}") = "Solution Items", "Solution Items", "{622ACC6B-80B0-429E-9482-ECFD6828B084}"
	ProjectSection(SolutionItems) = preProject
		.editorconfig = .editorconfig
	EndProjectSection
EndProject
Global
	GlobalSection(SolutionConfigurationPlatforms) = preSolution
		Debug|Any CPU = Debug|Any CPU
		Release|Any CPU = Release|Any CPU
	EndGlobalSection
	GlobalSection(ProjectConfigurationPlatforms) = postSolution
		{A13C7802-9B16-4CCD-9070-69C72F59DFF0}.Debug|Any CPU.ActiveCfg = Debug|Any CPU
		{A13C7802-9B16-4CCD-9070-69C72F59DFF0}.Debug|Any CPU.Build.0 = Debug|Any CPU
		{A13C7802-9B16-4CCD-9070-69C72F59DFF0}.Release|Any CPU.ActiveCfg = Release|Any CPU
		{A13C7802-9B16-4CCD-9070-69C72F59DFF0}.Release|Any CPU.Build.0 = Release|Any CPU
	EndGlobalSection
	GlobalSection(SolutionProperties) = preSolution
		HideSolutionNode = FALSE
	EndGlobalSection
	GlobalSection(ExtensibilityGlobals) = postSolution
		SolutionGuid = {9156C450-1930-44E2-9045-ABC1F9986B51}
	EndGlobalSection
EndGlobal
